
Microsoft Visual Studio Solution File, Format Version 12.00
# Visual Studio Version 17
VisualStudioVersion = 17.1.32328.378
MinimumVisualStudioVersion = 10.0.40219.1
Project("{2150E333-8FDC-42A3-9474-1A3956D46DE8}") = "src", "src", "{43BA3FBE-2D51-4E52-8669-730D7FE7EF8C}"
EndProject
Project("{2150E333-8FDC-42A3-9474-1A3956D46DE8}") = "sdks", "sdks", "{9A2E00EB-1E66-4A48-91AB-6708CEF1EB5E}"
EndProject
Project("{2150E333-8FDC-42A3-9474-1A3956D46DE8}") = "tests", "tests", "{782A6962-D7A2-4848-BA77-373DB7CB59BC}"
EndProject
Project("{9A19103F-16F7-4668-BE54-9A1E7A4F7556}") = "SmartConfig.IntegrationTests", "tests\SmartConfig.IntegrationTests\SmartConfig.IntegrationTests.csproj", "{8579D210-864A-4D29-8A9C-5A9FAA824658}"
EndProject
Project("{9A19103F-16F7-4668-BE54-9A1E7A4F7556}") = "SmartConfig.UnitTests", "tests\SmartConfig.UnitTests\SmartConfig.UnitTests.csproj", "{EDC4445F-0193-486E-B2DF-D5C71855ACDC}"
EndProject
Project("{2150E333-8FDC-42A3-9474-1A3956D46DE8}") = "tools", "tools", "{6809FF4D-C35F-4680-987F-8E44360460ED}"
EndProject
Project("{FAE04EC0-301F-11D3-BF4B-00C04F79EFBC}") = "SmartConfig.Migration", "tools\SmartConfig.Migration\SmartConfig.Migration.csproj", "{4588941D-4833-4A02-96AC-E208279C9EE4}"
EndProject
Project("{FAE04EC0-301F-11D3-BF4B-00C04F79EFBC}") = "SmartConfig.Host", "tools\SmartConfig.Host\SmartConfig.Host.csproj", "{0E68705A-7831-4D8D-88F7-D900A5EC5034}"
EndProject
Project("{FAE04EC0-301F-11D3-BF4B-00C04F79EFBC}") = "SmartConfig.E2ETests", "tests\SmartConfig.E2ETests\SmartConfig.E2ETests.csproj", "{EF4BDC41-031C-4933-87A2-899B5C6651D8}"
EndProject
Project("{2150E333-8FDC-42A3-9474-1A3956D46DE8}") = "items", "items", "{2D1C41C0-9B75-459E-A29C-3BB5706804D4}"
	ProjectSection(SolutionItems) = preProject
		README.md = README.md
		nuget.config = nuget.config
		.gitignore = .gitignore
	EndProjectSection
EndProject
Project("{FAE04EC0-301F-11D3-BF4B-00C04F79EFBC}") = "SmartConfig.LoadTests", "tests\SmartConfig.LoadTests\SmartConfig.LoadTests.csproj", "{366D3100-4770-4507-9931-04B7D636346C}"
EndProject
Project("{FAE04EC0-301F-11D3-BF4B-00C04F79EFBC}") = "SmartConfig.Scheduler", "src\SmartConfig.Scheduler\SmartConfig.Scheduler.csproj", "{F01B68F3-8F88-4877-B947-104ACFA9FB9A}"
EndProject
Project("{FAE04EC0-301F-11D3-BF4B-00C04F79EFBC}") = "SmartConfig.McpServer", "src\SmartConfig.Mcp\SmartConfig.McpServer\SmartConfig.McpServer.csproj", "{8BE37253-A1F6-4936-BC8A-D522C59D9CCE}"
EndProject
Project("{FAE04EC0-301F-11D3-BF4B-00C04F79EFBC}") = "SmartConfig.ServiceDefaults", "tools\SmartConfig.ServiceDefaults\SmartConfig.ServiceDefaults.csproj", "{BB2CA8EA-E189-4EED-9490-8AA754128B41}"
EndProject
Project("{2150E333-8FDC-42A3-9474-1A3956D46DE8}") = "SmartConfig.Agent", "SmartConfig.Agent", "{5128FC56-1186-4559-AA77-15B0C62A818F}"
EndProject
Project("{FAE04EC0-301F-11D3-BF4B-00C04F79EFBC}") = "SmartConfig.Agent", "src\SmartConfig.Agent\SmartConfig.Agent\SmartConfig.Agent.csproj", "{98EC48DA-6E9E-4FA2-A2CD-994EA9AA1998}"
EndProject
Project("{FAE04EC0-301F-11D3-BF4B-00C04F79EFBC}") = "SmartConfig.Agent.Services", "src\SmartConfig.Agent\SmartConfig.Agent.Services\SmartConfig.Agent.Services.csproj", "{A7F03C37-4073-4D2B-8FF6-28DEF45919EA}"
EndProject
Project("{2150E333-8FDC-42A3-9474-1A3956D46DE8}") = "SmartConfig.Api", "SmartConfig.Api", "{56D5017E-00B3-42DB-9D3B-9BD6BA14017C}"
EndProject
Project("{FAE04EC0-301F-11D3-BF4B-00C04F79EFBC}") = "SmartConfig.Api", "src\SmartConfig.Api\SmartConfig.Api\SmartConfig.Api.csproj", "{6AA85574-4479-469F-A62A-0BABE17A4FBC}"
EndProject
Project("{FAE04EC0-301F-11D3-BF4B-00C04F79EFBC}") = "SmartConfig.Application", "src\SmartConfig.Api\SmartConfig.Application\SmartConfig.Application.csproj", "{FF6BAFBC-3749-489D-992A-386849B7B156}"
EndProject
Project("{FAE04EC0-301F-11D3-BF4B-00C04F79EFBC}") = "SmartConfig.Common", "src\SmartConfig.Api\SmartConfig.Common\SmartConfig.Common.csproj", "{1978F9E8-64A5-40B0-AAED-079C7EFB700C}"
EndProject
Project("{FAE04EC0-301F-11D3-BF4B-00C04F79EFBC}") = "SmartConfig.Core", "src\SmartConfig.Api\SmartConfig.Core\SmartConfig.Core.csproj", "{EBB7665C-4D5C-4AF9-AB53-0A270EDD2593}"
EndProject
Project("{FAE04EC0-301F-11D3-BF4B-00C04F79EFBC}") = "SmartConfig.Data", "src\SmartConfig.Api\SmartConfig.Data\SmartConfig.Data.csproj", "{ED32E080-BF83-4350-A761-31ED1376C91C}"
EndProject
Project("{FAE04EC0-301F-11D3-BF4B-00C04F79EFBC}") = "SmartConfig.Orleans.Silo", "src\SmartConfig.Api\SmartConfig.Orleans.Silo\SmartConfig.Orleans.Silo.csproj", "{7E51C0B9-9C22-4A99-AC04-6ED01B6FD2D4}"
EndProject
Project("{FAE04EC0-301F-11D3-BF4B-00C04F79EFBC}") = "SmartConfig.BE.Sdk", "sdks\SmartConfig.BE.Sdk\SmartConfig.BE.Sdk.csproj", "{E4A1C5AE-86E7-45DD-8A4D-90EBC358B33A}"
EndProject
Project("{FAE04EC0-301F-11D3-BF4B-00C04F79EFBC}") = "SmartConfig.AI.Sdk", "sdks\SmartConfig.AI.Sdk\SmartConfig.AI.Sdk.csproj", "{1CF125AB-0BF3-416F-AEC3-63B7DBAF01C1}"
EndProject
Project("{2150E333-8FDC-42A3-9474-1A3956D46DE8}") = "SmartConfig.App", "SmartConfig.App", "{8BC15727-D762-4FA4-877D-F2259489B4DA}"
EndProject
Project("{FAE04EC0-301F-11D3-BF4B-00C04F79EFBC}") = "SmartConfig.App", "src\SmartConfig.App\SmartConfig.App\SmartConfig.App\SmartConfig.App.csproj", "{0B4603AD-2300-4EAF-80B0-A5D96445E8B0}"
EndProject
Project("{FAE04EC0-301F-11D3-BF4B-00C04F79EFBC}") = "SmartConfig.App.Shared", "src\SmartConfig.App\SmartConfig.App\SmartConfig.App.Shared\SmartConfig.App.Shared.csproj", "{7CA83291-6D76-4A64-8857-D69CCFDB5709}"
EndProject
Project("{FAE04EC0-301F-11D3-BF4B-00C04F79EFBC}") = "SmartConfig.App.Web", "src\SmartConfig.App\SmartConfig.App\SmartConfig.App.Web\SmartConfig.App.Web.csproj", "{EF922703-366E-4A1B-AC7C-005621B42131}"
EndProject
Project("{FAE04EC0-301F-11D3-BF4B-00C04F79EFBC}") = "SmartConfig.App.Web.Client", "src\SmartConfig.App\SmartConfig.App\SmartConfig.App.Web.Client\SmartConfig.App.Web.Client.csproj", "{32DEA2A9-F3C5-4CD2-AEB7-B4DFB2833285}"
EndProject
Global
	GlobalSection(SolutionConfigurationPlatforms) = preSolution
		Debug|Any CPU = Debug|Any CPU
		Release|Any CPU = Release|Any CPU
	EndGlobalSection
	GlobalSection(ProjectConfigurationPlatforms) = postSolution
		{8579D210-864A-4D29-8A9C-5A9FAA824658}.Debug|Any CPU.ActiveCfg = Debug|Any CPU
		{8579D210-864A-4D29-8A9C-5A9FAA824658}.Debug|Any CPU.Build.0 = Debug|Any CPU
		{8579D210-864A-4D29-8A9C-5A9FAA824658}.Release|Any CPU.ActiveCfg = Release|Any CPU
		{8579D210-864A-4D29-8A9C-5A9FAA824658}.Release|Any CPU.Build.0 = Release|Any CPU
		{EDC4445F-0193-486E-B2DF-D5C71855ACDC}.Debug|Any CPU.ActiveCfg = Debug|Any CPU
		{EDC4445F-0193-486E-B2DF-D5C71855ACDC}.Debug|Any CPU.Build.0 = Debug|Any CPU
		{EDC4445F-0193-486E-B2DF-D5C71855ACDC}.Release|Any CPU.ActiveCfg = Release|Any CPU
		{EDC4445F-0193-486E-B2DF-D5C71855ACDC}.Release|Any CPU.Build.0 = Release|Any CPU
		{4588941D-4833-4A02-96AC-E208279C9EE4}.Debug|Any CPU.ActiveCfg = Debug|Any CPU
		{4588941D-4833-4A02-96AC-E208279C9EE4}.Debug|Any CPU.Build.0 = Debug|Any CPU
		{4588941D-4833-4A02-96AC-E208279C9EE4}.Release|Any CPU.ActiveCfg = Release|Any CPU
		{4588941D-4833-4A02-96AC-E208279C9EE4}.Release|Any CPU.Build.0 = Release|Any CPU
		{0E68705A-7831-4D8D-88F7-D900A5EC5034}.Debug|Any CPU.ActiveCfg = Debug|Any CPU
		{0E68705A-7831-4D8D-88F7-D900A5EC5034}.Debug|Any CPU.Build.0 = Debug|Any CPU
		{0E68705A-7831-4D8D-88F7-D900A5EC5034}.Release|Any CPU.ActiveCfg = Release|Any CPU
		{0E68705A-7831-4D8D-88F7-D900A5EC5034}.Release|Any CPU.Build.0 = Release|Any CPU
		{EF4BDC41-031C-4933-87A2-899B5C6651D8}.Debug|Any CPU.ActiveCfg = Debug|Any CPU
		{EF4BDC41-031C-4933-87A2-899B5C6651D8}.Debug|Any CPU.Build.0 = Debug|Any CPU
		{EF4BDC41-031C-4933-87A2-899B5C6651D8}.Release|Any CPU.ActiveCfg = Release|Any CPU
		{EF4BDC41-031C-4933-87A2-899B5C6651D8}.Release|Any CPU.Build.0 = Release|Any CPU
		{366D3100-4770-4507-9931-04B7D636346C}.Debug|Any CPU.ActiveCfg = Debug|Any CPU
		{366D3100-4770-4507-9931-04B7D636346C}.Debug|Any CPU.Build.0 = Debug|Any CPU
		{366D3100-4770-4507-9931-04B7D636346C}.Release|Any CPU.ActiveCfg = Release|Any CPU
		{366D3100-4770-4507-9931-04B7D636346C}.Release|Any CPU.Build.0 = Release|Any CPU
		{F01B68F3-8F88-4877-B947-104ACFA9FB9A}.Debug|Any CPU.ActiveCfg = Debug|Any CPU
		{F01B68F3-8F88-4877-B947-104ACFA9FB9A}.Debug|Any CPU.Build.0 = Debug|Any CPU
		{F01B68F3-8F88-4877-B947-104ACFA9FB9A}.Release|Any CPU.ActiveCfg = Release|Any CPU
		{F01B68F3-8F88-4877-B947-104ACFA9FB9A}.Release|Any CPU.Build.0 = Release|Any CPU
		{8BE37253-A1F6-4936-BC8A-D522C59D9CCE}.Debug|Any CPU.ActiveCfg = Debug|Any CPU
		{8BE37253-A1F6-4936-BC8A-D522C59D9CCE}.Debug|Any CPU.Build.0 = Debug|Any CPU
		{8BE37253-A1F6-4936-BC8A-D522C59D9CCE}.Release|Any CPU.ActiveCfg = Release|Any CPU
		{8BE37253-A1F6-4936-BC8A-D522C59D9CCE}.Release|Any CPU.Build.0 = Release|Any CPU
		{BB2CA8EA-E189-4EED-9490-8AA754128B41}.Debug|Any CPU.ActiveCfg = Debug|Any CPU
		{BB2CA8EA-E189-4EED-9490-8AA754128B41}.Debug|Any CPU.Build.0 = Debug|Any CPU
		{BB2CA8EA-E189-4EED-9490-8AA754128B41}.Release|Any CPU.ActiveCfg = Release|Any CPU
		{BB2CA8EA-E189-4EED-9490-8AA754128B41}.Release|Any CPU.Build.0 = Release|Any CPU
		{98EC48DA-6E9E-4FA2-A2CD-994EA9AA1998}.Debug|Any CPU.ActiveCfg = Debug|Any CPU
		{98EC48DA-6E9E-4FA2-A2CD-994EA9AA1998}.Debug|Any CPU.Build.0 = Debug|Any CPU
		{98EC48DA-6E9E-4FA2-A2CD-994EA9AA1998}.Release|Any CPU.ActiveCfg = Release|Any CPU
		{98EC48DA-6E9E-4FA2-A2CD-994EA9AA1998}.Release|Any CPU.Build.0 = Release|Any CPU
		{A7F03C37-4073-4D2B-8FF6-28DEF45919EA}.Debug|Any CPU.ActiveCfg = Debug|Any CPU
		{A7F03C37-4073-4D2B-8FF6-28DEF45919EA}.Debug|Any CPU.Build.0 = Debug|Any CPU
		{A7F03C37-4073-4D2B-8FF6-28DEF45919EA}.Release|Any CPU.ActiveCfg = Release|Any CPU
		{A7F03C37-4073-4D2B-8FF6-28DEF45919EA}.Release|Any CPU.Build.0 = Release|Any CPU
		{6AA85574-4479-469F-A62A-0BABE17A4FBC}.Debug|Any CPU.ActiveCfg = Debug|Any CPU
		{6AA85574-4479-469F-A62A-0BABE17A4FBC}.Debug|Any CPU.Build.0 = Debug|Any CPU
		{6AA85574-4479-469F-A62A-0BABE17A4FBC}.Release|Any CPU.ActiveCfg = Release|Any CPU
		{6AA85574-4479-469F-A62A-0BABE17A4FBC}.Release|Any CPU.Build.0 = Release|Any CPU
		{FF6BAFBC-3749-489D-992A-386849B7B156}.Debug|Any CPU.ActiveCfg = Debug|Any CPU
		{FF6BAFBC-3749-489D-992A-386849B7B156}.Debug|Any CPU.Build.0 = Debug|Any CPU
		{FF6BAFBC-3749-489D-992A-386849B7B156}.Release|Any CPU.ActiveCfg = Release|Any CPU
		{FF6BAFBC-3749-489D-992A-386849B7B156}.Release|Any CPU.Build.0 = Release|Any CPU
		{1978F9E8-64A5-40B0-AAED-079C7EFB700C}.Debug|Any CPU.ActiveCfg = Debug|Any CPU
		{1978F9E8-64A5-40B0-AAED-079C7EFB700C}.Debug|Any CPU.Build.0 = Debug|Any CPU
		{1978F9E8-64A5-40B0-AAED-079C7EFB700C}.Release|Any CPU.ActiveCfg = Release|Any CPU
		{1978F9E8-64A5-40B0-AAED-079C7EFB700C}.Release|Any CPU.Build.0 = Release|Any CPU
		{EBB7665C-4D5C-4AF9-AB53-0A270EDD2593}.Debug|Any CPU.ActiveCfg = Debug|Any CPU
		{EBB7665C-4D5C-4AF9-AB53-0A270EDD2593}.Debug|Any CPU.Build.0 = Debug|Any CPU
		{EBB7665C-4D5C-4AF9-AB53-0A270EDD2593}.Release|Any CPU.ActiveCfg = Release|Any CPU
		{EBB7665C-4D5C-4AF9-AB53-0A270EDD2593}.Release|Any CPU.Build.0 = Release|Any CPU
		{ED32E080-BF83-4350-A761-31ED1376C91C}.Debug|Any CPU.ActiveCfg = Debug|Any CPU
		{ED32E080-BF83-4350-A761-31ED1376C91C}.Debug|Any CPU.Build.0 = Debug|Any CPU
		{ED32E080-BF83-4350-A761-31ED1376C91C}.Release|Any CPU.ActiveCfg = Release|Any CPU
		{ED32E080-BF83-4350-A761-31ED1376C91C}.Release|Any CPU.Build.0 = Release|Any CPU
		{7E51C0B9-9C22-4A99-AC04-6ED01B6FD2D4}.Debug|Any CPU.ActiveCfg = Debug|Any CPU
		{7E51C0B9-9C22-4A99-AC04-6ED01B6FD2D4}.Debug|Any CPU.Build.0 = Debug|Any CPU
		{7E51C0B9-9C22-4A99-AC04-6ED01B6FD2D4}.Release|Any CPU.ActiveCfg = Release|Any CPU
		{7E51C0B9-9C22-4A99-AC04-6ED01B6FD2D4}.Release|Any CPU.Build.0 = Release|Any CPU
		{E4A1C5AE-86E7-45DD-8A4D-90EBC358B33A}.Debug|Any CPU.ActiveCfg = Debug|Any CPU
		{E4A1C5AE-86E7-45DD-8A4D-90EBC358B33A}.Debug|Any CPU.Build.0 = Debug|Any CPU
		{E4A1C5AE-86E7-45DD-8A4D-90EBC358B33A}.Release|Any CPU.ActiveCfg = Release|Any CPU
		{E4A1C5AE-86E7-45DD-8A4D-90EBC358B33A}.Release|Any CPU.Build.0 = Release|Any CPU
		{1CF125AB-0BF3-416F-AEC3-63B7DBAF01C1}.Debug|Any CPU.ActiveCfg = Debug|Any CPU
		{1CF125AB-0BF3-416F-AEC3-63B7DBAF01C1}.Debug|Any CPU.Build.0 = Debug|Any CPU
		{1CF125AB-0BF3-416F-AEC3-63B7DBAF01C1}.Release|Any CPU.ActiveCfg = Release|Any CPU
		{1CF125AB-0BF3-416F-AEC3-63B7DBAF01C1}.Release|Any CPU.Build.0 = Release|Any CPU
		{0B4603AD-2300-4EAF-80B0-A5D96445E8B0}.Debug|Any CPU.ActiveCfg = Debug|Any CPU
		{0B4603AD-2300-4EAF-80B0-A5D96445E8B0}.Debug|Any CPU.Build.0 = Debug|Any CPU
		{0B4603AD-2300-4EAF-80B0-A5D96445E8B0}.Release|Any CPU.ActiveCfg = Release|Any CPU
		{0B4603AD-2300-4EAF-80B0-A5D96445E8B0}.Release|Any CPU.Build.0 = Release|Any CPU
		{7CA83291-6D76-4A64-8857-D69CCFDB5709}.Debug|Any CPU.ActiveCfg = Debug|Any CPU
		{7CA83291-6D76-4A64-8857-D69CCFDB5709}.Debug|Any CPU.Build.0 = Debug|Any CPU
		{7CA83291-6D76-4A64-8857-D69CCFDB5709}.Release|Any CPU.ActiveCfg = Release|Any CPU
		{7CA83291-6D76-4A64-8857-D69CCFDB5709}.Release|Any CPU.Build.0 = Release|Any CPU
		{EF922703-366E-4A1B-AC7C-005621B42131}.Debug|Any CPU.ActiveCfg = Debug|Any CPU
		{EF922703-366E-4A1B-AC7C-005621B42131}.Debug|Any CPU.Build.0 = Debug|Any CPU
		{EF922703-366E-4A1B-AC7C-005621B42131}.Release|Any CPU.ActiveCfg = Release|Any CPU
		{EF922703-366E-4A1B-AC7C-005621B42131}.Release|Any CPU.Build.0 = Release|Any CPU
		{32DEA2A9-F3C5-4CD2-AEB7-B4DFB2833285}.Debug|Any CPU.ActiveCfg = Debug|Any CPU
		{32DEA2A9-F3C5-4CD2-AEB7-B4DFB2833285}.Debug|Any CPU.Build.0 = Debug|Any CPU
		{32DEA2A9-F3C5-4CD2-AEB7-B4DFB2833285}.Release|Any CPU.ActiveCfg = Release|Any CPU
		{32DEA2A9-F3C5-4CD2-AEB7-B4DFB2833285}.Release|Any CPU.Build.0 = Release|Any CPU
	EndGlobalSection
	GlobalSection(SolutionProperties) = preSolution
		HideSolutionNode = FALSE
	EndGlobalSection
	GlobalSection(NestedProjects) = preSolution
		{8579D210-864A-4D29-8A9C-5A9FAA824658} = {782A6962-D7A2-4848-BA77-373DB7CB59BC}
		{EDC4445F-0193-486E-B2DF-D5C71855ACDC} = {782A6962-D7A2-4848-BA77-373DB7CB59BC}
		{4588941D-4833-4A02-96AC-E208279C9EE4} = {6809FF4D-C35F-4680-987F-8E44360460ED}
		{0E68705A-7831-4D8D-88F7-D900A5EC5034} = {6809FF4D-C35F-4680-987F-8E44360460ED}
		{EF4BDC41-031C-4933-87A2-899B5C6651D8} = {782A6962-D7A2-4848-BA77-373DB7CB59BC}
		{366D3100-4770-4507-9931-04B7D636346C} = {782A6962-D7A2-4848-BA77-373DB7CB59BC}
		{F01B68F3-8F88-4877-B947-104ACFA9FB9A} = {43BA3FBE-2D51-4E52-8669-730D7FE7EF8C}
		{BB2CA8EA-E189-4EED-9490-8AA754128B41} = {6809FF4D-C35F-4680-987F-8E44360460ED}
		{8BE37253-A1F6-4936-BC8A-D522C59D9CCE} = {43BA3FBE-2D51-4E52-8669-730D7FE7EF8C}
		{5128FC56-1186-4559-AA77-15B0C62A818F} = {43BA3FBE-2D51-4E52-8669-730D7FE7EF8C}
		{98EC48DA-6E9E-4FA2-A2CD-994EA9AA1998} = {5128FC56-1186-4559-AA77-15B0C62A818F}
		{A7F03C37-4073-4D2B-8FF6-28DEF45919EA} = {5128FC56-1186-4559-AA77-15B0C62A818F}
		{56D5017E-00B3-42DB-9D3B-9BD6BA14017C} = {43BA3FBE-2D51-4E52-8669-730D7FE7EF8C}
		{6AA85574-4479-469F-A62A-0BABE17A4FBC} = {56D5017E-00B3-42DB-9D3B-9BD6BA14017C}
		{FF6BAFBC-3749-489D-992A-386849B7B156} = {56D5017E-00B3-42DB-9D3B-9BD6BA14017C}
		{1978F9E8-64A5-40B0-AAED-079C7EFB700C} = {56D5017E-00B3-42DB-9D3B-9BD6BA14017C}
		{EBB7665C-4D5C-4AF9-AB53-0A270EDD2593} = {56D5017E-00B3-42DB-9D3B-9BD6BA14017C}
		{ED32E080-BF83-4350-A761-31ED1376C91C} = {56D5017E-00B3-42DB-9D3B-9BD6BA14017C}
		{7E51C0B9-9C22-4A99-AC04-6ED01B6FD2D4} = {56D5017E-00B3-42DB-9D3B-9BD6BA14017C}
		{E4A1C5AE-86E7-45DD-8A4D-90EBC358B33A} = {9A2E00EB-1E66-4A48-91AB-6708CEF1EB5E}
		{1CF125AB-0BF3-416F-AEC3-63B7DBAF01C1} = {9A2E00EB-1E66-4A48-91AB-6708CEF1EB5E}
		{8BC15727-D762-4FA4-877D-F2259489B4DA} = {43BA3FBE-2D51-4E52-8669-730D7FE7EF8C}
		{0B4603AD-2300-4EAF-80B0-A5D96445E8B0} = {8BC15727-D762-4FA4-877D-F2259489B4DA}
		{7CA83291-6D76-4A64-8857-D69CCFDB5709} = {8BC15727-D762-4FA4-877D-F2259489B4DA}
		{EF922703-366E-4A1B-AC7C-005621B42131} = {8BC15727-D762-4FA4-877D-F2259489B4DA}
		{32DEA2A9-F3C5-4CD2-AEB7-B4DFB2833285} = {8BC15727-D762-4FA4-877D-F2259489B4DA}
	EndGlobalSection
	GlobalSection(ExtensibilityGlobals) = postSolution
		SolutionGuid = {AC340CDE-8425-405E-BD4E-A3D7AC737862}
	EndGlobalSection
EndGlobal
