
Microsoft Visual Studio Solution File, Format Version 12.00
# Visual Studio Version 17
VisualStudioVersion = 17.1.32328.378
MinimumVisualStudioVersion = 10.0.40219.1
Project("{2150E333-8FDC-42A3-9474-1A3956D46DE8}") = "src", "src", "{43BA3FBE-2D51-4E52-8669-730D7FE7EF8C}"
EndProject
Project("{2150E333-8FDC-42A3-9474-1A3956D46DE8}") = "sdk", "sdk", "{9A2E00EB-1E66-4A48-91AB-6708CEF1EB5E}"
EndProject
Project("{2150E333-8FDC-42A3-9474-1A3956D46DE8}") = "tests", "tests", "{782A6962-D7A2-4848-BA77-373DB7CB59BC}"
EndProject
Project("{9A19103F-16F7-4668-BE54-9A1E7A4F7556}") = "SmartConfig.Api", "src\SmartConfig.Api\SmartConfig.Api.csproj", "{5A06746B-2510-4994-B55C-1941180E491F}"
EndProject
Project("{9A19103F-16F7-4668-BE54-9A1E7A4F7556}") = "SmartConfig.Application", "src\SmartConfig.Application\SmartConfig.Application.csproj", "{C617E220-8A8A-4C20-B430-05B32ED4449E}"
EndProject
Project("{9A19103F-16F7-4668-BE54-9A1E7A4F7556}") = "SmartConfig.Common", "src\SmartConfig.Common\SmartConfig.Common.csproj", "{405F57A7-232B-4626-A5FD-695A77371147}"
EndProject
Project("{9A19103F-16F7-4668-BE54-9A1E7A4F7556}") = "SmartConfig.Core", "src\SmartConfig.Core\SmartConfig.Core.csproj", "{9568E9C7-FFB5-40B6-A2FA-B49B083580EE}"
EndProject
Project("{9A19103F-16F7-4668-BE54-9A1E7A4F7556}") = "SmartConfig.Data", "src\SmartConfig.Data\SmartConfig.Data.csproj", "{389C71B2-6F92-40B4-B3E9-2EAFFDB17F86}"
EndProject
Project("{9A19103F-16F7-4668-BE54-9A1E7A4F7556}") = "SmartConfig.Sdk", "sdk\SmartConfig.Sdk\SmartConfig.Sdk.csproj", "{945DEEB3-E87C-4EE2-ABF8-AA8C9D57E1AE}"
EndProject
Project("{9A19103F-16F7-4668-BE54-9A1E7A4F7556}") = "SmartConfig.IntegrationTests", "tests\SmartConfig.IntegrationTests\SmartConfig.IntegrationTests.csproj", "{8579D210-864A-4D29-8A9C-5A9FAA824658}"
EndProject
Project("{9A19103F-16F7-4668-BE54-9A1E7A4F7556}") = "SmartConfig.UnitTests", "tests\SmartConfig.UnitTests\SmartConfig.UnitTests.csproj", "{EDC4445F-0193-486E-B2DF-D5C71855ACDC}"
EndProject
Project("{9A19103F-16F7-4668-BE54-9A1E7A4F7556}") = "SmartConfig.Orleans.Silo", "src\SmartConfig.Orleans.Silo\SmartConfig.Orleans.Silo.csproj", "{45BF78E3-2E4E-45AE-A4C8-F64A35B777F2}"
EndProject
Project("{2150E333-8FDC-42A3-9474-1A3956D46DE8}") = "tools", "tools", "{6809FF4D-C35F-4680-987F-8E44360460ED}"
EndProject
Project("{FAE04EC0-301F-11D3-BF4B-00C04F79EFBC}") = "SmartConfig.Migration", "tools\SmartConfig.Migration\SmartConfig.Migration.csproj", "{4588941D-4833-4A02-96AC-E208279C9EE4}"
EndProject
Project("{FAE04EC0-301F-11D3-BF4B-00C04F79EFBC}") = "SmartConfig.Host", "tools\SmartConfig.Host\SmartConfig.Host.csproj", "{0E68705A-7831-4D8D-88F7-D900A5EC5034}"
EndProject
Project("{2150E333-8FDC-42A3-9474-1A3956D46DE8}") = "SmartConfig.Blazor", "SmartConfig.Blazor", "{D1279F44-21B5-454F-9F28-68CED4CA8F5E}"
EndProject
Project("{FAE04EC0-301F-11D3-BF4B-00C04F79EFBC}") = "SmartConfig.Blazor", "src\SmartConfig.Blazor\SmartConfig.Blazor\SmartConfig.Blazor.csproj", "{FDDCBD15-7F67-4BE6-9D1A-140BA5F8266D}"
EndProject
Project("{FAE04EC0-301F-11D3-BF4B-00C04F79EFBC}") = "SmartConfig.Blazor.Client", "src\SmartConfig.Blazor\SmartConfig.Blazor.Client\SmartConfig.Blazor.Client.csproj", "{BCB61E09-9990-4E94-89EF-4ABDE8E99932}"
EndProject
Project("{FAE04EC0-301F-11D3-BF4B-00C04F79EFBC}") = "SmartConfig.E2ETests", "tests\SmartConfig.E2ETests\SmartConfig.E2ETests.csproj", "{EF4BDC41-031C-4933-87A2-899B5C6651D8}"
EndProject
Project("{2150E333-8FDC-42A3-9474-1A3956D46DE8}") = "items", "items", "{2D1C41C0-9B75-459E-A29C-3BB5706804D4}"
	ProjectSection(SolutionItems) = preProject
		README.md = README.md
		Dockerfile = Dockerfile
		docker-compose.yml = docker-compose.yml
		nuget.config = nuget.config
		.gitignore = .gitignore
	EndProjectSection
EndProject
Project("{FAE04EC0-301F-11D3-BF4B-00C04F79EFBC}") = "SmartConfig.LoadTests", "tests\SmartConfig.LoadTests\SmartConfig.LoadTests.csproj", "{366D3100-4770-4507-9931-04B7D636346C}"
EndProject
Project("{FAE04EC0-301F-11D3-BF4B-00C04F79EFBC}") = "SmartConfig.Scheduler", "src\SmartConfig.Scheduler\SmartConfig.Scheduler.csproj", "{F01B68F3-8F88-4877-B947-104ACFA9FB9A}"
EndProject
Project("{2150E333-8FDC-42A3-9474-1A3956D46DE8}") = "SmartConfig.Mcp", "SmartConfig.Mcp", "{95BEC018-A7B5-422F-95F0-B8D4A7E687A7}"
EndProject
Project("{FAE04EC0-301F-11D3-BF4B-00C04F79EFBC}") = "SmartConfig.McpServer", "src\SmartConfig.Mcp\SmartConfig.McpServer\SmartConfig.McpServer.csproj", "{8BE37253-A1F6-4936-BC8A-D522C59D9CCE}"
EndProject
Global
	GlobalSection(SolutionConfigurationPlatforms) = preSolution
		Debug|Any CPU = Debug|Any CPU
		Release|Any CPU = Release|Any CPU
	EndGlobalSection
	GlobalSection(ProjectConfigurationPlatforms) = postSolution
		{5A06746B-2510-4994-B55C-1941180E491F}.Debug|Any CPU.ActiveCfg = Debug|Any CPU
		{5A06746B-2510-4994-B55C-1941180E491F}.Debug|Any CPU.Build.0 = Debug|Any CPU
		{5A06746B-2510-4994-B55C-1941180E491F}.Release|Any CPU.ActiveCfg = Release|Any CPU
		{5A06746B-2510-4994-B55C-1941180E491F}.Release|Any CPU.Build.0 = Release|Any CPU
		{C617E220-8A8A-4C20-B430-05B32ED4449E}.Debug|Any CPU.ActiveCfg = Debug|Any CPU
		{C617E220-8A8A-4C20-B430-05B32ED4449E}.Debug|Any CPU.Build.0 = Debug|Any CPU
		{C617E220-8A8A-4C20-B430-05B32ED4449E}.Release|Any CPU.ActiveCfg = Release|Any CPU
		{C617E220-8A8A-4C20-B430-05B32ED4449E}.Release|Any CPU.Build.0 = Release|Any CPU
		{405F57A7-232B-4626-A5FD-695A77371147}.Debug|Any CPU.ActiveCfg = Debug|Any CPU
		{405F57A7-232B-4626-A5FD-695A77371147}.Debug|Any CPU.Build.0 = Debug|Any CPU
		{405F57A7-232B-4626-A5FD-695A77371147}.Release|Any CPU.ActiveCfg = Release|Any CPU
		{405F57A7-232B-4626-A5FD-695A77371147}.Release|Any CPU.Build.0 = Release|Any CPU
		{9568E9C7-FFB5-40B6-A2FA-B49B083580EE}.Debug|Any CPU.ActiveCfg = Debug|Any CPU
		{9568E9C7-FFB5-40B6-A2FA-B49B083580EE}.Debug|Any CPU.Build.0 = Debug|Any CPU
		{9568E9C7-FFB5-40B6-A2FA-B49B083580EE}.Release|Any CPU.ActiveCfg = Release|Any CPU
		{9568E9C7-FFB5-40B6-A2FA-B49B083580EE}.Release|Any CPU.Build.0 = Release|Any CPU
		{389C71B2-6F92-40B4-B3E9-2EAFFDB17F86}.Debug|Any CPU.ActiveCfg = Debug|Any CPU
		{389C71B2-6F92-40B4-B3E9-2EAFFDB17F86}.Debug|Any CPU.Build.0 = Debug|Any CPU
		{389C71B2-6F92-40B4-B3E9-2EAFFDB17F86}.Release|Any CPU.ActiveCfg = Release|Any CPU
		{389C71B2-6F92-40B4-B3E9-2EAFFDB17F86}.Release|Any CPU.Build.0 = Release|Any CPU
		{945DEEB3-E87C-4EE2-ABF8-AA8C9D57E1AE}.Debug|Any CPU.ActiveCfg = Debug|Any CPU
		{945DEEB3-E87C-4EE2-ABF8-AA8C9D57E1AE}.Debug|Any CPU.Build.0 = Debug|Any CPU
		{945DEEB3-E87C-4EE2-ABF8-AA8C9D57E1AE}.Release|Any CPU.ActiveCfg = Release|Any CPU
		{945DEEB3-E87C-4EE2-ABF8-AA8C9D57E1AE}.Release|Any CPU.Build.0 = Release|Any CPU
		{8579D210-864A-4D29-8A9C-5A9FAA824658}.Debug|Any CPU.ActiveCfg = Debug|Any CPU
		{8579D210-864A-4D29-8A9C-5A9FAA824658}.Debug|Any CPU.Build.0 = Debug|Any CPU
		{8579D210-864A-4D29-8A9C-5A9FAA824658}.Release|Any CPU.ActiveCfg = Release|Any CPU
		{8579D210-864A-4D29-8A9C-5A9FAA824658}.Release|Any CPU.Build.0 = Release|Any CPU
		{EDC4445F-0193-486E-B2DF-D5C71855ACDC}.Debug|Any CPU.ActiveCfg = Debug|Any CPU
		{EDC4445F-0193-486E-B2DF-D5C71855ACDC}.Debug|Any CPU.Build.0 = Debug|Any CPU
		{EDC4445F-0193-486E-B2DF-D5C71855ACDC}.Release|Any CPU.ActiveCfg = Release|Any CPU
		{EDC4445F-0193-486E-B2DF-D5C71855ACDC}.Release|Any CPU.Build.0 = Release|Any CPU
		{45BF78E3-2E4E-45AE-A4C8-F64A35B777F2}.Debug|Any CPU.ActiveCfg = Debug|Any CPU
		{45BF78E3-2E4E-45AE-A4C8-F64A35B777F2}.Debug|Any CPU.Build.0 = Debug|Any CPU
		{45BF78E3-2E4E-45AE-A4C8-F64A35B777F2}.Release|Any CPU.ActiveCfg = Release|Any CPU
		{45BF78E3-2E4E-45AE-A4C8-F64A35B777F2}.Release|Any CPU.Build.0 = Release|Any CPU
		{4588941D-4833-4A02-96AC-E208279C9EE4}.Debug|Any CPU.ActiveCfg = Debug|Any CPU
		{4588941D-4833-4A02-96AC-E208279C9EE4}.Debug|Any CPU.Build.0 = Debug|Any CPU
		{4588941D-4833-4A02-96AC-E208279C9EE4}.Release|Any CPU.ActiveCfg = Release|Any CPU
		{4588941D-4833-4A02-96AC-E208279C9EE4}.Release|Any CPU.Build.0 = Release|Any CPU
		{0E68705A-7831-4D8D-88F7-D900A5EC5034}.Debug|Any CPU.ActiveCfg = Debug|Any CPU
		{0E68705A-7831-4D8D-88F7-D900A5EC5034}.Debug|Any CPU.Build.0 = Debug|Any CPU
		{0E68705A-7831-4D8D-88F7-D900A5EC5034}.Release|Any CPU.ActiveCfg = Release|Any CPU
		{0E68705A-7831-4D8D-88F7-D900A5EC5034}.Release|Any CPU.Build.0 = Release|Any CPU
		{FDDCBD15-7F67-4BE6-9D1A-140BA5F8266D}.Debug|Any CPU.ActiveCfg = Debug|Any CPU
		{FDDCBD15-7F67-4BE6-9D1A-140BA5F8266D}.Debug|Any CPU.Build.0 = Debug|Any CPU
		{FDDCBD15-7F67-4BE6-9D1A-140BA5F8266D}.Release|Any CPU.ActiveCfg = Release|Any CPU
		{FDDCBD15-7F67-4BE6-9D1A-140BA5F8266D}.Release|Any CPU.Build.0 = Release|Any CPU
		{BCB61E09-9990-4E94-89EF-4ABDE8E99932}.Debug|Any CPU.ActiveCfg = Debug|Any CPU
		{BCB61E09-9990-4E94-89EF-4ABDE8E99932}.Debug|Any CPU.Build.0 = Debug|Any CPU
		{BCB61E09-9990-4E94-89EF-4ABDE8E99932}.Release|Any CPU.ActiveCfg = Release|Any CPU
		{BCB61E09-9990-4E94-89EF-4ABDE8E99932}.Release|Any CPU.Build.0 = Release|Any CPU
		{EF4BDC41-031C-4933-87A2-899B5C6651D8}.Debug|Any CPU.ActiveCfg = Debug|Any CPU
		{EF4BDC41-031C-4933-87A2-899B5C6651D8}.Debug|Any CPU.Build.0 = Debug|Any CPU
		{EF4BDC41-031C-4933-87A2-899B5C6651D8}.Release|Any CPU.ActiveCfg = Release|Any CPU
		{EF4BDC41-031C-4933-87A2-899B5C6651D8}.Release|Any CPU.Build.0 = Release|Any CPU
		{366D3100-4770-4507-9931-04B7D636346C}.Debug|Any CPU.ActiveCfg = Debug|Any CPU
		{366D3100-4770-4507-9931-04B7D636346C}.Debug|Any CPU.Build.0 = Debug|Any CPU
		{366D3100-4770-4507-9931-04B7D636346C}.Release|Any CPU.ActiveCfg = Release|Any CPU
		{366D3100-4770-4507-9931-04B7D636346C}.Release|Any CPU.Build.0 = Release|Any CPU
		{F01B68F3-8F88-4877-B947-104ACFA9FB9A}.Debug|Any CPU.ActiveCfg = Debug|Any CPU
		{F01B68F3-8F88-4877-B947-104ACFA9FB9A}.Debug|Any CPU.Build.0 = Debug|Any CPU
		{F01B68F3-8F88-4877-B947-104ACFA9FB9A}.Release|Any CPU.ActiveCfg = Release|Any CPU
		{F01B68F3-8F88-4877-B947-104ACFA9FB9A}.Release|Any CPU.Build.0 = Release|Any CPU
		{8BE37253-A1F6-4936-BC8A-D522C59D9CCE}.Debug|Any CPU.ActiveCfg = Debug|Any CPU
		{8BE37253-A1F6-4936-BC8A-D522C59D9CCE}.Debug|Any CPU.Build.0 = Debug|Any CPU
		{8BE37253-A1F6-4936-BC8A-D522C59D9CCE}.Release|Any CPU.ActiveCfg = Release|Any CPU
		{8BE37253-A1F6-4936-BC8A-D522C59D9CCE}.Release|Any CPU.Build.0 = Release|Any CPU
	EndGlobalSection
	GlobalSection(SolutionProperties) = preSolution
		HideSolutionNode = FALSE
	EndGlobalSection
	GlobalSection(NestedProjects) = preSolution
		{5A06746B-2510-4994-B55C-1941180E491F} = {43BA3FBE-2D51-4E52-8669-730D7FE7EF8C}
		{C617E220-8A8A-4C20-B430-05B32ED4449E} = {43BA3FBE-2D51-4E52-8669-730D7FE7EF8C}
		{405F57A7-232B-4626-A5FD-695A77371147} = {43BA3FBE-2D51-4E52-8669-730D7FE7EF8C}
		{9568E9C7-FFB5-40B6-A2FA-B49B083580EE} = {43BA3FBE-2D51-4E52-8669-730D7FE7EF8C}
		{389C71B2-6F92-40B4-B3E9-2EAFFDB17F86} = {43BA3FBE-2D51-4E52-8669-730D7FE7EF8C}
		{945DEEB3-E87C-4EE2-ABF8-AA8C9D57E1AE} = {9A2E00EB-1E66-4A48-91AB-6708CEF1EB5E}
		{8579D210-864A-4D29-8A9C-5A9FAA824658} = {782A6962-D7A2-4848-BA77-373DB7CB59BC}
		{EDC4445F-0193-486E-B2DF-D5C71855ACDC} = {782A6962-D7A2-4848-BA77-373DB7CB59BC}
		{45BF78E3-2E4E-45AE-A4C8-F64A35B777F2} = {43BA3FBE-2D51-4E52-8669-730D7FE7EF8C}
		{4588941D-4833-4A02-96AC-E208279C9EE4} = {6809FF4D-C35F-4680-987F-8E44360460ED}
		{0E68705A-7831-4D8D-88F7-D900A5EC5034} = {6809FF4D-C35F-4680-987F-8E44360460ED}
		{D1279F44-21B5-454F-9F28-68CED4CA8F5E} = {43BA3FBE-2D51-4E52-8669-730D7FE7EF8C}
		{FDDCBD15-7F67-4BE6-9D1A-140BA5F8266D} = {D1279F44-21B5-454F-9F28-68CED4CA8F5E}
		{BCB61E09-9990-4E94-89EF-4ABDE8E99932} = {D1279F44-21B5-454F-9F28-68CED4CA8F5E}
		{EF4BDC41-031C-4933-87A2-899B5C6651D8} = {782A6962-D7A2-4848-BA77-373DB7CB59BC}
		{366D3100-4770-4507-9931-04B7D636346C} = {782A6962-D7A2-4848-BA77-373DB7CB59BC}
		{F01B68F3-8F88-4877-B947-104ACFA9FB9A} = {43BA3FBE-2D51-4E52-8669-730D7FE7EF8C}
		{95BEC018-A7B5-422F-95F0-B8D4A7E687A7} = {43BA3FBE-2D51-4E52-8669-730D7FE7EF8C}
		{8BE37253-A1F6-4936-BC8A-D522C59D9CCE} = {95BEC018-A7B5-422F-95F0-B8D4A7E687A7}
	EndGlobalSection
	GlobalSection(ExtensibilityGlobals) = postSolution
		SolutionGuid = {AC340CDE-8425-405E-BD4E-A3D7AC737862}
	EndGlobalSection
EndGlobal
